{
  "version": "5",
  "specifiers": {
    "jsr:@std/cli@*": "1.0.25",
    "jsr:@std/internal@^1.0.12": "1.0.12",
    "jsr:@std/json@*": "1.0.2",
    "jsr:@std/path@*": "1.1.4",
    "jsr:@std/streams@*": "1.0.16"
  },
  "jsr": {
    "@std/cli@1.0.25": {
      "integrity": "1f85051b370c97a7a9dfc6ba626e7ed57a91bea8c081597276d1e78d929d8c91"
    },
    "@std/internal@1.0.12": {
      "integrity": "972a634fd5bc34b242024402972cd5143eac68d8dffaca5eaa4dba30ce17b027"
    },
    "@std/json@1.0.2": {
      "integrity": "d9e5497801c15fb679f55a2c01c7794ad7a5dfda4dd1bebab5e409cb5e0d34d4"
    },
    "@std/path@1.1.4": {
      "integrity": "1d2d43f39efb1b42f0b1882a25486647cb851481862dc7313390b2bb044314b5",
      "dependencies": [
        "jsr:@std/internal"
      ]
    },
    "@std/streams@1.0.16": {
      "integrity": "85030627befb1767c60d4f65cb30fa2f94af1d6ee6e5b2515b76157a542e89c4"
    }
  }
}
